# This file is @generated by PDM.
# It is not intended for manual editing.

[metadata]
groups = ["default", "dev"]
strategy = ["cross_platform", "inherit_metadata"]
lock_version = "4.4.1"
content_hash = "sha256:0a4d3a5a71e2aae276f0b7ae843bed940ae2165bca312d1a897d03d47b40d988"

[[package]]
name = "atomicwrites"
version = "1.4.0"
requires_python = ">=2.7, !=3.0.*, !=3.1.*, !=3.2.*, !=3.3.*"
summary = "Atomic file writes."
groups = ["default"]
files = [
    {file = "atomicwrites-1.4.0-py2.py3-none-any.whl", hash = "sha256:6d1784dea7c0c8d4a5172b6c620f40b6e4cbfdf96d783691f2e1302a7b88e197"},
    {file = "atomicwrites-1.4.0.tar.gz", hash = "sha256:ae70396ad1a434f9c7046fd2dd196fc04b12f9e91ffb859164193be8b6168a7a"},
]

[[package]]
name = "attrs"
version = "20.3.0"
requires_python = ">=2.7, !=3.0.*, !=3.1.*, !=3.2.*, !=3.3.*"
summary = "Classes Without Boilerplate"
groups = ["default"]
files = [
    {file = "attrs-20.3.0-py2.py3-none-any.whl", hash = "sha256:31b2eced602aa8423c2aea9c76a724617ed67cf9513173fd3a4f03e3a929c7e6"},
    {file = "attrs-20.3.0.tar.gz", hash = "sha256:832aa3cde19744e49938b91fea06d69ecb9e649c93ba974535d08ad92164f700"},
]

[[package]]
name = "colorama"
version = "0.4.4"
requires_python = ">=2.7, !=3.0.*, !=3.1.*, !=3.2.*, !=3.3.*, !=3.4.*"
summary = "Cross-platform colored terminal text."
groups = ["default", "dev"]
files = [
    {file = "colorama-0.4.4-py2.py3-none-any.whl", hash = "sha256:9f47eda37229f68eee03b24b9748937c7dc3868f906e8ba69fbcbdd3bc5dc3e2"},
    {file = "colorama-0.4.4.tar.gz", hash = "sha256:5941b2b48a20143d2267e95b1c2a7603ce057ee39fd88e7329b0c292aa16869b"},
]

[[package]]
name = "exceptiongroup"
version = "1.2.0"
requires_python = ">=3.7"
summary = "Backport of PEP 654 (exception groups)"
groups = ["dev"]
marker = "python_version < \"3.11\""
files = [
    {file = "exceptiongroup-1.2.0-py3-none-any.whl", hash = "sha256:4bfd3996ac73b41e9b9628b04e079f193850720ea5945fc96a08633c66912f14"},
    {file = "exceptiongroup-1.2.0.tar.gz", hash = "sha256:91f5c769735f051a4290d52edd0858999b57e5876e9f85937691bd4c9fa3ed68"},
]

[[package]]
name = "flake8"
version = "5.0.4"
requires_python = ">=3.6.1"
summary = "the modular source code checker: pep8 pyflakes and co"
groups = ["dev"]
dependencies = [
    "mccabe<0.8.0,>=0.7.0",
    "pycodestyle<2.10.0,>=2.9.0",
    "pyflakes<2.6.0,>=2.5.0",
]
files = [
    {file = "flake8-5.0.4-py2.py3-none-any.whl", hash = "sha256:7a1cf6b73744f5806ab95e526f6f0d8c01c66d7bbe349562d22dfca20610b248"},
    {file = "flake8-5.0.4.tar.gz", hash = "sha256:6fbe320aad8d6b95cec8b8e47bc933004678dc63095be98528b7bdd2a9f510db"},
]

[[package]]
name = "iniconfig"
version = "1.1.1"
summary = "iniconfig: brain-dead simple config-ini parsing"
groups = ["default", "dev"]
files = [
    {file = "iniconfig-1.1.1-py2.py3-none-any.whl", hash = "sha256:011e24c64b7f47f6ebd835bb12a743f2fbe9a26d4cecaa7f53bc4f35ee9da8b3"},
    {file = "iniconfig-1.1.1.tar.gz", hash = "sha256:bc3af051d7d14b2ee5ef9969666def0cd1a000e121eaea580d4a313df4b37f32"},
]

[[package]]
name = "mccabe"
version = "0.7.0"
requires_python = ">=3.6"
summary = "McCabe checker, plugin for flake8"
groups = ["dev"]
files = [
    {file = "mccabe-0.7.0-py2.py3-none-any.whl", hash = "sha256:6c2d30ab6be0e4a46919781807b4f0d834ebdd6c6e3dca0bda5a15f863427b6e"},
    {file = "mccabe-0.7.0.tar.gz", hash = "sha256:348e0240c33b60bbdf4e523192ef919f28cb2c3d7d5c7794f74009290f236325"},
]

[[package]]
name = "packaging"
version = "20.8"
requires_python = ">=2.7, !=3.0.*, !=3.1.*, !=3.2.*, !=3.3.*"
summary = "Core utilities for Python packages"
groups = ["default", "dev"]
dependencies = [
    "pyparsing>=2.0.2",
]
files = [
    {file = "packaging-20.8-py2.py3-none-any.whl", hash = "sha256:24e0da08660a87484d1602c30bb4902d74816b6985b93de36926f5bc95741858"},
    {file = "packaging-20.8.tar.gz", hash = "sha256:78598185a7008a470d64526a8059de9aaa449238f280fc9eb6b13ba6c4109093"},
]

[[package]]
name = "pluggy"
version = "0.13.1"
requires_python = ">=2.7, !=3.0.*, !=3.1.*, !=3.2.*, !=3.3.*"
summary = "plugin and hook calling mechanisms for python"
groups = ["default", "dev"]
files = [
    {file = "pluggy-0.13.1-py2.py3-none-any.whl", hash = "sha256:966c145cd83c96502c3c3868f50408687b38434af77734af1e9ca461a4081d2d"},
    {file = "pluggy-0.13.1.tar.gz", hash = "sha256:15b2acde666561e1298d71b523007ed7364de07029219b604cf808bfa1c765b0"},
]

[[package]]
name = "pycodestyle"
version = "2.9.1"
requires_python = ">=3.6"
summary = "Python style guide checker"
groups = ["dev"]
files = [
    {file = "pycodestyle-2.9.1-py2.py3-none-any.whl", hash = "sha256:d1735fc58b418fd7c5f658d28d943854f8a849b01a5d0a1e6f3f3fdd0166804b"},
    {file = "pycodestyle-2.9.1.tar.gz", hash = "sha256:2c9607871d58c76354b697b42f5d57e1ada7d261c261efac224b664affdc5785"},
]

[[package]]
name = "pyflakes"
version = "2.5.0"
requires_python = ">=3.6"
summary = "passive checker of Python programs"
groups = ["dev"]
files = [
    {file = "pyflakes-2.5.0-py2.py3-none-any.whl", hash = "sha256:4579f67d887f804e67edb544428f264b7b24f435b263c4614f384135cea553d2"},
    {file = "pyflakes-2.5.0.tar.gz", hash = "sha256:491feb020dca48ccc562a8c0cbe8df07ee13078df59813b83959cbdada312ea3"},
]

[[package]]
name = "pygments"
version = "2.7.4"
requires_python = ">=3.5"
summary = "Pygments is a syntax highlighting package written in Python."
groups = ["default"]
files = [
    {file = "Pygments-2.7.4-py3-none-any.whl", hash = "sha256:bc9591213a8f0e0ca1a5e68a479b4887fdc3e75d0774e5c71c31920c427de435"},
    {file = "Pygments-2.7.4.tar.gz", hash = "sha256:df49d09b498e83c1a73128295860250b0b7edd4c723a32e9bc0d295c7c2ec337"},
]

[[package]]
name = "pyparsing"
version = "2.4.7"
requires_python = ">=2.6, !=3.0.*, !=3.1.*, !=3.2.*"
summary = "Python parsing module"
groups = ["default", "dev"]
files = [
    {file = "pyparsing-2.4.7-py2.py3-none-any.whl", hash = "sha256:ef9d7589ef3c200abe66653d3f1ab1033c3c419ae9b9bdb1240a85b024efc88b"},
    {file = "pyparsing-2.4.7.tar.gz", hash = "sha256:c203ec8783bf771a155b207279b9bccb8dea02d8f0c9e5f8ead507bc3246ecc1"},
]

[[package]]
name = "pytest"
version = "7.4.4"
requires_python = ">=3.7"
summary = "pytest: simple powerful testing with Python"
groups = ["dev"]
dependencies = [
    "colorama; sys_platform == \"win32\"",
    "exceptiongroup>=1.0.0rc8; python_version < \"3.11\"",
    "iniconfig",
    "packaging",
    "pluggy<2.0,>=0.12",
    "tomli>=1.0.0; python_version < \"3.11\"",
]
files = [
    {file = "pytest-7.4.4-py3-none-any.whl", hash = "sha256:b090cdf5ed60bf4c45261be03239c2c1c22df034fbffe691abe93cd80cea01d8"},
    {file = "pytest-7.4.4.tar.gz", hash = "sha256:2cf0005922c6ace4a3e2ec8b4080eb0d9753fdc93107415332f50ce9e7994280"},
]

[[package]]
name = "ruff"
version = "0.1.9"
requires_python = ">=3.7"
summary = "An extremely fast Python linter and code formatter, written in Rust."
groups = ["dev"]
files = [
    {file = "ruff-0.1.9-py3-none-macosx_10_12_x86_64.macosx_11_0_arm64.macosx_10_12_universal2.whl", hash = "sha256:e6a212f436122ac73df851f0cf006e0c6612fe6f9c864ed17ebefce0eff6a5fd"},
    {file = "ruff-0.1.9-py3-none-macosx_10_12_x86_64.whl", hash = "sha256:28d920e319783d5303333630dae46ecc80b7ba294aeffedf946a02ac0b7cc3db"},
    {file = "ruff-0.1.9-py3-none-manylinux_2_17_aarch64.manylinux2014_aarch64.whl", hash = "sha256:104aa9b5e12cb755d9dce698ab1b97726b83012487af415a4512fedd38b1459e"},
    {file = "ruff-0.1.9-py3-none-manylinux_2_17_armv7l.manylinux2014_armv7l.whl", hash = "sha256:1e63bf5a4a91971082a4768a0aba9383c12392d0d6f1e2be2248c1f9054a20da"},
    {file = "ruff-0.1.9-py3-none-manylinux_2_17_i686.manylinux2014_i686.whl", hash = "sha256:4d0738917c203246f3e275b37006faa3aa96c828b284ebfe3e99a8cb413c8c4b"},
    {file = "ruff-0.1.9-py3-none-manylinux_2_17_ppc64.manylinux2014_ppc64.whl", hash = "sha256:69dac82d63a50df2ab0906d97a01549f814b16bc806deeac4f064ff95c47ddf5"},
    {file = "ruff-0.1.9-py3-none-manylinux_2_17_ppc64le.manylinux2014_ppc64le.whl", hash = "sha256:2aec598fb65084e41a9c5d4b95726173768a62055aafb07b4eff976bac72a592"},
    {file = "ruff-0.1.9-py3-none-manylinux_2_17_s390x.manylinux2014_s390x.whl", hash = "sha256:744dfe4b35470fa3820d5fe45758aace6269c578f7ddc43d447868cfe5078bcb"},
    {file = "ruff-0.1.9-py3-none-manylinux_2_17_x86_64.manylinux2014_x86_64.whl", hash = "sha256:479ca4250cab30f9218b2e563adc362bd6ae6343df7c7b5a7865300a5156d5a6"},
    {file = "ruff-0.1.9-py3-none-musllinux_1_2_aarch64.whl", hash = "sha256:aa8344310f1ae79af9ccd6e4b32749e93cddc078f9b5ccd0e45bd76a6d2e8bb6"},
    {file = "ruff-0.1.9-py3-none-musllinux_1_2_armv7l.whl", hash = "sha256:837c739729394df98f342319f5136f33c65286b28b6b70a87c28f59354ec939b"},
    {file = "ruff-0.1.9-py3-none-musllinux_1_2_i686.whl", hash = "sha256:e6837202c2859b9f22e43cb01992373c2dbfeae5c0c91ad691a4a2e725392464"},
    {file = "ruff-0.1.9-py3-none-musllinux_1_2_x86_64.whl", hash = "sha256:331aae2cd4a0554667ac683243b151c74bd60e78fb08c3c2a4ac05ee1e606a39"},
    {file = "ruff-0.1.9-py3-none-win32.whl", hash = "sha256:8151425a60878e66f23ad47da39265fc2fad42aed06fb0a01130e967a7a064f4"},
    {file = "ruff-0.1.9-py3-none-win_amd64.whl", hash = "sha256:c497d769164df522fdaf54c6eba93f397342fe4ca2123a2e014a5b8fc7df81c7"},
    {file = "ruff-0.1.9-py3-none-win_arm64.whl", hash = "sha256:0e17f53bcbb4fff8292dfd84cf72d767b5e146f009cccd40c2fad27641f8a7a9"},
    {file = "ruff-0.1.9.tar.gz", hash = "sha256:b041dee2734719ddbb4518f762c982f2e912e7f28b8ee4fe1dee0b15d1b6e800"},
]

[[package]]
name = "toml"
version = "0.10.2"
requires_python = ">=2.6, !=3.0.*, !=3.1.*, !=3.2.*"
summary = "Python Library for Tom's Obvious, Minimal Language"
groups = ["default"]
files = [
    {file = "toml-0.10.2-py2.py3-none-any.whl", hash = "sha256:806143ae5bfb6a3c6e736a764057db0e6a0e05e338b5630894a5f779cabb4f9b"},
    {file = "toml-0.10.2.tar.gz", hash = "sha256:b3bda1d108d5dd99f4a20d24d9c348e91c4db7ab1b749200bded2f839ccbe68f"},
]

[[package]]
name = "tomli"
version = "2.0.1"
requires_python = ">=3.7"
summary = "A lil' TOML parser"
groups = ["dev"]
marker = "python_version < \"3.11\""
files = [
    {file = "tomli-2.0.1-py3-none-any.whl", hash = "sha256:939de3e7a6161af0c887ef91b7d41a53e7c5a1ca976325f429cb46ea9bc30ecc"},
    {file = "tomli-2.0.1.tar.gz", hash = "sha256:de526c12914f0c550d15924c62d72abc48d6fe7364aa87328337a31007fe8a4f"},
]
